<?xml version="1.0" encoding="utf-8"?>
<Project ToolsVersion="16.0" xmlns="http://schemas.microsoft.com/developer/msbuild/2003">
  <ItemGroup>
    <CustomBuild Include="C:\Users\Andrea\Google Drive\Hochschule\NGN\Project\Project_local\serial\CMakeFiles\96bf0f354b5dc1ff08bd1640fef05f00\INSTALL_force.rule">
      <Filter>CMake Rules</Filter>
    </CustomBuild>
  </ItemGroup>
  <ItemGroup>
    <Filter Include="CMake Rules">
      <UniqueIdentifier>{EC82C78A-023F-3459-886F-66F19EA7EA56}</UniqueIdentifier>
    </Filter>
  </ItemGroup>
</Project>
